// !$*UTF8*$!
{
	archiveVersion = 1;
	classes = {
	};
	objectVersion = 50;
	objects = {

/* Begin PBXBuildFile section */
		A603888125AB6ADB00CFEA29 /* UserDefaults+Extension.swift in Sources */ = {isa = PBXBuildFile; fileRef = A603888025AB6ADB00CFEA29 /* UserDefaults+Extension.swift */; };
		A61A54C025A1192A002B96D9 /* AppDelegate.swift in Sources */ = {isa = PBXBuildFile; fileRef = A61A54BF25A1192A002B96D9 /* AppDelegate.swift */; };
		A61A54C225A1192A002B96D9 /* SceneDelegate.swift in Sources */ = {isa = PBXBuildFile; fileRef = A61A54C125A1192A002B96D9 /* SceneDelegate.swift */; };
		A61A54C425A1192A002B96D9 /* EmojiArtDocumentView.swift in Sources */ = {isa = PBXBuildFile; fileRef = A61A54C325A1192A002B96D9 /* EmojiArtDocumentView.swift */; };
		A61A54C625A1192D002B96D9 /* Assets.xcassets in Resources */ = {isa = PBXBuildFile; fileRef = A61A54C525A1192D002B96D9 /* Assets.xcassets */; };
		A61A54C925A1192D002B96D9 /* Preview Assets.xcassets in Resources */ = {isa = PBXBuildFile; fileRef = A61A54C825A1192D002B96D9 /* Preview Assets.xcassets */; };
		A61A54CC25A1192D002B96D9 /* LaunchScreen.storyboard in Resources */ = {isa = PBXBuildFile; fileRef = A61A54CA25A1192D002B96D9 /* LaunchScreen.storyboard */; };
		A61A54D525A11958002B96D9 /* EmojiArtDocument.swift in Sources */ = {isa = PBXBuildFile; fileRef = A61A54D425A11958002B96D9 /* EmojiArtDocument.swift */; };
		A6B7097625A6186C0039DB9C /* Spinning.swift in Sources */ = {isa = PBXBuildFile; fileRef = A6B7097525A6186C0039DB9C /* Spinning.swift */; };
		A6B7097925A61ED60039DB9C /* PaletteChooser.swift in Sources */ = {isa = PBXBuildFile; fileRef = A6B7097825A61ED60039DB9C /* PaletteChooser.swift */; };
		A6C674EB25A9E63300BE38F9 /* EmojiArtTimer.swift in Sources */ = {isa = PBXBuildFile; fileRef = A6C674EA25A9E63300BE38F9 /* EmojiArtTimer.swift */; };
		A6DD585A25A1234C0044B08C /* EmojiArt.swift in Sources */ = {isa = PBXBuildFile; fileRef = A6DD585925A1234C0044B08C /* EmojiArt.swift */; };
		A6DD585D25A1261A0044B08C /* EmojiArtExtensions.swift in Sources */ = {isa = PBXBuildFile; fileRef = A6DD585C25A1261A0044B08C /* EmojiArtExtensions.swift */; };
		A6DD586225A38A050044B08C /* OptionalImage.swift in Sources */ = {isa = PBXBuildFile; fileRef = A6DD586125A38A050044B08C /* OptionalImage.swift */; };
		A6DD586525A38DF10044B08C /* AnimatableSystemFontModifier.swift in Sources */ = {isa = PBXBuildFile; fileRef = A6DD586425A38DF10044B08C /* AnimatableSystemFontModifier.swift */; };
		A6ED76BD25A71EB300F0F1EF /* EmojiArtDocument+Palette.swift in Sources */ = {isa = PBXBuildFile; fileRef = A6ED76BC25A71EB300F0F1EF /* EmojiArtDocument+Palette.swift */; };
		A6ED76C025A7B03200F0F1EF /* Grid.swift in Sources */ = {isa = PBXBuildFile; fileRef = A6ED76BF25A7B03200F0F1EF /* Grid.swift */; };
		A6ED76C325A7B06300F0F1EF /* GridLayout.swift in Sources */ = {isa = PBXBuildFile; fileRef = A6ED76C225A7B06300F0F1EF /* GridLayout.swift */; };
		A6ED76C725A858F900F0F1EF /* EmojiArtDocumentStore.swift in Sources */ = {isa = PBXBuildFile; fileRef = A6ED76C625A858F900F0F1EF /* EmojiArtDocumentStore.swift */; };
		A6ED76CA25A85DAE00F0F1EF /* EmojiArtDocumentChooser.swift in Sources */ = {isa = PBXBuildFile; fileRef = A6ED76C925A85DAE00F0F1EF /* EmojiArtDocumentChooser.swift */; };
		A6ED76CD25A867BC00F0F1EF /* EditableText.swift in Sources */ = {isa = PBXBuildFile; fileRef = A6ED76CC25A867BC00F0F1EF /* EditableText.swift */; };
		B522134525B053D500A02FA3 /* EmojiArtTests.swift in Sources */ = {isa = PBXBuildFile; fileRef = B522134425B053D500A02FA3 /* EmojiArtTests.swift */; };
		B5C0E82125B0F55C006F72BE /* EmojiArtDocumentChooserTest.swift in Sources */ = {isa = PBXBuildFile; fileRef = B5C0E82025B0F55C006F72BE /* EmojiArtDocumentChooserTest.swift */; };
/* End PBXBuildFile section */

/* Begin PBXContainerItemProxy section */
		B522134725B053D500A02FA3 /* PBXContainerItemProxy */ = {
			isa = PBXContainerItemProxy;
			containerPortal = A61A54B425A1192A002B96D9 /* Project object */;
			proxyType = 1;
			remoteGlobalIDString = A61A54BB25A1192A002B96D9;
			remoteInfo = EmojiArt;
		};
		B5C0E82325B0F55C006F72BE /* PBXContainerItemProxy */ = {
			isa = PBXContainerItemProxy;
			containerPortal = A61A54B425A1192A002B96D9 /* Project object */;
			proxyType = 1;
			remoteGlobalIDString = A61A54BB25A1192A002B96D9;
			remoteInfo = EmojiArt;
		};
/* End PBXContainerItemProxy section */

/* Begin PBXFileReference section */
		A603888025AB6ADB00CFEA29 /* UserDefaults+Extension.swift */ = {isa = PBXFileReference; lastKnownFileType = sourcecode.swift; path = "UserDefaults+Extension.swift"; sourceTree = "<group>"; };
		A61A54BC25A1192A002B96D9 /* EmojiArt.app */ = {isa = PBXFileReference; explicitFileType = wrapper.application; includeInIndex = 0; path = EmojiArt.app; sourceTree = BUILT_PRODUCTS_DIR; };
		A61A54BF25A1192A002B96D9 /* AppDelegate.swift */ = {isa = PBXFileReference; lastKnownFileType = sourcecode.swift; path = AppDelegate.swift; sourceTree = "<group>"; };
		A61A54C125A1192A002B96D9 /* SceneDelegate.swift */ = {isa = PBXFileReference; lastKnownFileType = sourcecode.swift; path = SceneDelegate.swift; sourceTree = "<group>"; };
		A61A54C325A1192A002B96D9 /* EmojiArtDocumentView.swift */ = {isa = PBXFileReference; lastKnownFileType = sourcecode.swift; path = EmojiArtDocumentView.swift; sourceTree = "<group>"; };
		A61A54C525A1192D002B96D9 /* Assets.xcassets */ = {isa = PBXFileReference; lastKnownFileType = folder.assetcatalog; path = Assets.xcassets; sourceTree = "<group>"; };
		A61A54C825A1192D002B96D9 /* Preview Assets.xcassets */ = {isa = PBXFileReference; lastKnownFileType = folder.assetcatalog; path = "Preview Assets.xcassets"; sourceTree = "<group>"; };
		A61A54CB25A1192D002B96D9 /* Base */ = {isa = PBXFileReference; lastKnownFileType = file.storyboard; name = Base; path = Base.lproj/LaunchScreen.storyboard; sourceTree = "<group>"; };
		A61A54CD25A1192D002B96D9 /* Info.plist */ = {isa = PBXFileReference; lastKnownFileType = text.plist.xml; path = Info.plist; sourceTree = "<group>"; };
		A61A54D425A11958002B96D9 /* EmojiArtDocument.swift */ = {isa = PBXFileReference; lastKnownFileType = sourcecode.swift; path = EmojiArtDocument.swift; sourceTree = "<group>"; };
		A6B7097525A6186C0039DB9C /* Spinning.swift */ = {isa = PBXFileReference; lastKnownFileType = sourcecode.swift; path = Spinning.swift; sourceTree = "<group>"; };
		A6B7097825A61ED60039DB9C /* PaletteChooser.swift */ = {isa = PBXFileReference; lastKnownFileType = sourcecode.swift; path = PaletteChooser.swift; sourceTree = "<group>"; };
		A6C674EA25A9E63300BE38F9 /* EmojiArtTimer.swift */ = {isa = PBXFileReference; lastKnownFileType = sourcecode.swift; path = EmojiArtTimer.swift; sourceTree = "<group>"; };
		A6DD585925A1234C0044B08C /* EmojiArt.swift */ = {isa = PBXFileReference; lastKnownFileType = sourcecode.swift; path = EmojiArt.swift; sourceTree = "<group>"; };
		A6DD585C25A1261A0044B08C /* EmojiArtExtensions.swift */ = {isa = PBXFileReference; lastKnownFileType = sourcecode.swift; path = EmojiArtExtensions.swift; sourceTree = "<group>"; };
		A6DD586125A38A050044B08C /* OptionalImage.swift */ = {isa = PBXFileReference; lastKnownFileType = sourcecode.swift; path = OptionalImage.swift; sourceTree = "<group>"; };
		A6DD586425A38DF10044B08C /* AnimatableSystemFontModifier.swift */ = {isa = PBXFileReference; lastKnownFileType = sourcecode.swift; path = AnimatableSystemFontModifier.swift; sourceTree = "<group>"; };
		A6ED76BC25A71EB300F0F1EF /* EmojiArtDocument+Palette.swift */ = {isa = PBXFileReference; lastKnownFileType = sourcecode.swift; path = "EmojiArtDocument+Palette.swift"; sourceTree = "<group>"; };
		A6ED76BF25A7B03200F0F1EF /* Grid.swift */ = {isa = PBXFileReference; lastKnownFileType = sourcecode.swift; path = Grid.swift; sourceTree = "<group>"; };
		A6ED76C225A7B06300F0F1EF /* GridLayout.swift */ = {isa = PBXFileReference; lastKnownFileType = sourcecode.swift; path = GridLayout.swift; sourceTree = "<group>"; };
		A6ED76C625A858F900F0F1EF /* EmojiArtDocumentStore.swift */ = {isa = PBXFileReference; lastKnownFileType = sourcecode.swift; path = EmojiArtDocumentStore.swift; sourceTree = SOURCE_ROOT; };
		A6ED76C925A85DAE00F0F1EF /* EmojiArtDocumentChooser.swift */ = {isa = PBXFileReference; lastKnownFileType = sourcecode.swift; path = EmojiArtDocumentChooser.swift; sourceTree = "<group>"; };
		A6ED76CC25A867BC00F0F1EF /* EditableText.swift */ = {isa = PBXFileReference; lastKnownFileType = sourcecode.swift; path = EditableText.swift; sourceTree = "<group>"; };
		B522134225B053D500A02FA3 /* EmojiArtTests.xctest */ = {isa = PBXFileReference; explicitFileType = wrapper.cfbundle; includeInIndex = 0; path = EmojiArtTests.xctest; sourceTree = BUILT_PRODUCTS_DIR; };
		B522134425B053D500A02FA3 /* EmojiArtTests.swift */ = {isa = PBXFileReference; lastKnownFileType = sourcecode.swift; path = EmojiArtTests.swift; sourceTree = "<group>"; };
		B5C0E81E25B0F55C006F72BE /* EmojiArtUITests.xctest */ = {isa = PBXFileReference; explicitFileType = wrapper.cfbundle; includeInIndex = 0; path = EmojiArtUITests.xctest; sourceTree = BUILT_PRODUCTS_DIR; };
		B5C0E82025B0F55C006F72BE /* EmojiArtDocumentChooserTest.swift */ = {isa = PBXFileReference; lastKnownFileType = sourcecode.swift; path = EmojiArtDocumentChooserTest.swift; sourceTree = "<group>"; };
		B5C0E82225B0F55C006F72BE /* Info.plist */ = {isa = PBXFileReference; lastKnownFileType = text.plist.xml; path = Info.plist; sourceTree = "<group>"; };
		B5C0E83525B0F6A7006F72BE /* EmojiArt.xctestplan */ = {isa = PBXFileReference; lastKnownFileType = text; name = EmojiArt.xctestplan; path = EmojiArt.xcodeproj/EmojiArt.xctestplan; sourceTree = "<group>"; };
/* End PBXFileReference section */

/* Begin PBXFrameworksBuildPhase section */
		A61A54B925A1192A002B96D9 /* Frameworks */ = {
			isa = PBXFrameworksBuildPhase;
			buildActionMask = 2147483647;
			files = (
			);
			runOnlyForDeploymentPostprocessing = 0;
		};
		B522133F25B053D500A02FA3 /* Frameworks */ = {
			isa = PBXFrameworksBuildPhase;
			buildActionMask = 2147483647;
			files = (
			);
			runOnlyForDeploymentPostprocessing = 0;
		};
		B5C0E81B25B0F55C006F72BE /* Frameworks */ = {
			isa = PBXFrameworksBuildPhase;
			buildActionMask = 2147483647;
			files = (
			);
			runOnlyForDeploymentPostprocessing = 0;
		};
/* End PBXFrameworksBuildPhase section */

/* Begin PBXGroup section */
		A61A54B325A1192A002B96D9 = {
			isa = PBXGroup;
			children = (
				B5C0E83525B0F6A7006F72BE /* EmojiArt.xctestplan */,
				A61A54BE25A1192A002B96D9 /* EmojiArt */,
				B522134325B053D500A02FA3 /* EmojiArtTests */,
				B5C0E81F25B0F55C006F72BE /* EmojiArtUITests */,
				A61A54BD25A1192A002B96D9 /* Products */,
			);
			sourceTree = "<group>";
		};
		A61A54BD25A1192A002B96D9 /* Products */ = {
			isa = PBXGroup;
			children = (
				A61A54BC25A1192A002B96D9 /* EmojiArt.app */,
				B522134225B053D500A02FA3 /* EmojiArtTests.xctest */,
				B5C0E81E25B0F55C006F72BE /* EmojiArtUITests.xctest */,
			);
			name = Products;
			sourceTree = "<group>";
		};
		A61A54BE25A1192A002B96D9 /* EmojiArt */ = {
			isa = PBXGroup;
			children = (
				A6ED76C625A858F900F0F1EF /* EmojiArtDocumentStore.swift */,
				A6ED76C225A7B06300F0F1EF /* GridLayout.swift */,
				A6ED76BF25A7B03200F0F1EF /* Grid.swift */,
				A6ED76BC25A71EB300F0F1EF /* EmojiArtDocument+Palette.swift */,
				A6DD585925A1234C0044B08C /* EmojiArt.swift */,
				A6C674EA25A9E63300BE38F9 /* EmojiArtTimer.swift */,
				A61A54D425A11958002B96D9 /* EmojiArtDocument.swift */,
				A6ED76C925A85DAE00F0F1EF /* EmojiArtDocumentChooser.swift */,
				A603888025AB6ADB00CFEA29 /* UserDefaults+Extension.swift */,
				A6ED76CC25A867BC00F0F1EF /* EditableText.swift */,
				A6B7097825A61ED60039DB9C /* PaletteChooser.swift */,
				A61A54C325A1192A002B96D9 /* EmojiArtDocumentView.swift */,
				A6B7097525A6186C0039DB9C /* Spinning.swift */,
				A6DD586425A38DF10044B08C /* AnimatableSystemFontModifier.swift */,
				A6DD586125A38A050044B08C /* OptionalImage.swift */,
				A6DD585C25A1261A0044B08C /* EmojiArtExtensions.swift */,
				A61A54BF25A1192A002B96D9 /* AppDelegate.swift */,
				A61A54C125A1192A002B96D9 /* SceneDelegate.swift */,
				A61A54C525A1192D002B96D9 /* Assets.xcassets */,
				A61A54CA25A1192D002B96D9 /* LaunchScreen.storyboard */,
				A61A54CD25A1192D002B96D9 /* Info.plist */,
				A61A54C725A1192D002B96D9 /* Preview Content */,
			);
			path = EmojiArt;
			sourceTree = "<group>";
		};
		A61A54C725A1192D002B96D9 /* Preview Content */ = {
			isa = PBXGroup;
			children = (
				A61A54C825A1192D002B96D9 /* Preview Assets.xcassets */,
			);
			path = "Preview Content";
			sourceTree = "<group>";
		};
		B522134325B053D500A02FA3 /* EmojiArtTests */ = {
			isa = PBXGroup;
			children = (
				B522134425B053D500A02FA3 /* EmojiArtTests.swift */,
			);
			path = EmojiArtTests;
			sourceTree = "<group>";
		};
		B5C0E81F25B0F55C006F72BE /* EmojiArtUITests */ = {
			isa = PBXGroup;
			children = (
				B5C0E82025B0F55C006F72BE /* EmojiArtDocumentChooserTest.swift */,
				B5C0E82225B0F55C006F72BE /* Info.plist */,
			);
			path = EmojiArtUITests;
			sourceTree = "<group>";
		};
/* End PBXGroup section */

/* Begin PBXNativeTarget section */
		A61A54BB25A1192A002B96D9 /* EmojiArt */ = {
			isa = PBXNativeTarget;
			buildConfigurationList = A61A54D025A1192D002B96D9 /* Build configuration list for PBXNativeTarget "EmojiArt" */;
			buildPhases = (
				A61A54B825A1192A002B96D9 /* Sources */,
				A61A54B925A1192A002B96D9 /* Frameworks */,
				A61A54BA25A1192A002B96D9 /* Resources */,
			);
			buildRules = (
			);
			dependencies = (
			);
			name = EmojiArt;
			productName = EmojiArt;
			productReference = A61A54BC25A1192A002B96D9 /* EmojiArt.app */;
			productType = "com.apple.product-type.application";
		};
		B522134125B053D500A02FA3 /* EmojiArtTests */ = {
			isa = PBXNativeTarget;
			buildConfigurationList = B522134925B053D500A02FA3 /* Build configuration list for PBXNativeTarget "EmojiArtTests" */;
			buildPhases = (
				B522133E25B053D500A02FA3 /* Sources */,
				B522133F25B053D500A02FA3 /* Frameworks */,
				B522134025B053D500A02FA3 /* Resources */,
			);
			buildRules = (
			);
			dependencies = (
				B522134825B053D500A02FA3 /* PBXTargetDependency */,
			);
			name = EmojiArtTests;
			productName = EmojiArtTests;
			productReference = B522134225B053D500A02FA3 /* EmojiArtTests.xctest */;
			productType = "com.apple.product-type.bundle.unit-test";
		};
		B5C0E81D25B0F55C006F72BE /* EmojiArtUITests */ = {
			isa = PBXNativeTarget;
			buildConfigurationList = B5C0E82525B0F55C006F72BE /* Build configuration list for PBXNativeTarget "EmojiArtUITests" */;
			buildPhases = (
				B5C0E81A25B0F55C006F72BE /* Sources */,
				B5C0E81B25B0F55C006F72BE /* Frameworks */,
				B5C0E81C25B0F55C006F72BE /* Resources */,
			);
			buildRules = (
			);
			dependencies = (
				B5C0E82425B0F55C006F72BE /* PBXTargetDependency */,
			);
			name = EmojiArtUITests;
			productName = EmojiArtUITests;
			productReference = B5C0E81E25B0F55C006F72BE /* EmojiArtUITests.xctest */;
			productType = "com.apple.product-type.bundle.ui-testing";
		};
/* End PBXNativeTarget section */

/* Begin PBXProject section */
		A61A54B425A1192A002B96D9 /* Project object */ = {
			isa = PBXProject;
			attributes = {
				LastSwiftUpdateCheck = 1230;
				LastUpgradeCheck = 1220;
				TargetAttributes = {
					A61A54BB25A1192A002B96D9 = {
						CreatedOnToolsVersion = 12.2;
					};
					B522134125B053D500A02FA3 = {
						CreatedOnToolsVersion = 12.3;
						TestTargetID = A61A54BB25A1192A002B96D9;
					};
					B5C0E81D25B0F55C006F72BE = {
						CreatedOnToolsVersion = 12.3;
						TestTargetID = A61A54BB25A1192A002B96D9;
					};
				};
			};
			buildConfigurationList = A61A54B725A1192A002B96D9 /* Build configuration list for PBXProject "EmojiArt" */;
			compatibilityVersion = "Xcode 9.3";
			developmentRegion = en;
			hasScannedForEncodings = 0;
			knownRegions = (
				en,
				Base,
			);
			mainGroup = A61A54B325A1192A002B96D9;
			productRefGroup = A61A54BD25A1192A002B96D9 /* Products */;
			projectDirPath = "";
			projectRoot = "";
			targets = (
				A61A54BB25A1192A002B96D9 /* EmojiArt */,
				B522134125B053D500A02FA3 /* EmojiArtTests */,
				B5C0E81D25B0F55C006F72BE /* EmojiArtUITests */,
			);
		};
/* End PBXProject section */

/* Begin PBXResourcesBuildPhase section */
		A61A54BA25A1192A002B96D9 /* Resources */ = {
			isa = PBXResourcesBuildPhase;
			buildActionMask = 2147483647;
			files = (
				A61A54CC25A1192D002B96D9 /* LaunchScreen.storyboard in Resources */,
				A61A54C925A1192D002B96D9 /* Preview Assets.xcassets in Resources */,
				A61A54C625A1192D002B96D9 /* Assets.xcassets in Resources */,
			);
			runOnlyForDeploymentPostprocessing = 0;
		};
		B522134025B053D500A02FA3 /* Resources */ = {
			isa = PBXResourcesBuildPhase;
			buildActionMask = 2147483647;
			files = (
			);
			runOnlyForDeploymentPostprocessing = 0;
		};
		B5C0E81C25B0F55C006F72BE /* Resources */ = {
			isa = PBXResourcesBuildPhase;
			buildActionMask = 2147483647;
			files = (
			);
			runOnlyForDeploymentPostprocessing = 0;
		};
/* End PBXResourcesBuildPhase section */

/* Begin PBXSourcesBuildPhase section */
		A61A54B825A1192A002B96D9 /* Sources */ = {
			isa = PBXSourcesBuildPhase;
			buildActionMask = 2147483647;
			files = (
				A61A54C025A1192A002B96D9 /* AppDelegate.swift in Sources */,
				A61A54C225A1192A002B96D9 /* SceneDelegate.swift in Sources */,
				A6ED76BD25A71EB300F0F1EF /* EmojiArtDocument+Palette.swift in Sources */,
				A6DD585D25A1261A0044B08C /* EmojiArtExtensions.swift in Sources */,
				A6DD585A25A1234C0044B08C /* EmojiArt.swift in Sources */,
				A61A54C425A1192A002B96D9 /* EmojiArtDocumentView.swift in Sources */,
				A6ED76C325A7B06300F0F1EF /* GridLayout.swift in Sources */,
				A6DD586225A38A050044B08C /* OptionalImage.swift in Sources */,
				A6B7097625A6186C0039DB9C /* Spinning.swift in Sources */,
				A6ED76C725A858F900F0F1EF /* EmojiArtDocumentStore.swift in Sources */,
				A6B7097925A61ED60039DB9C /* PaletteChooser.swift in Sources */,
				A6ED76CA25A85DAE00F0F1EF /* EmojiArtDocumentChooser.swift in Sources */,
				A6ED76CD25A867BC00F0F1EF /* EditableText.swift in Sources */,
				A6DD586525A38DF10044B08C /* AnimatableSystemFontModifier.swift in Sources */,
				A6C674EB25A9E63300BE38F9 /* EmojiArtTimer.swift in Sources */,
				A61A54D525A11958002B96D9 /* EmojiArtDocument.swift in Sources */,
				A603888125AB6ADB00CFEA29 /* UserDefaults+Extension.swift in Sources */,
				A6ED76C025A7B03200F0F1EF /* Grid.swift in Sources */,
			);
			runOnlyForDeploymentPostprocessing = 0;
		};
		B522133E25B053D500A02FA3 /* Sources */ = {
			isa = PBXSourcesBuildPhase;
			buildActionMask = 2147483647;
			files = (
				B522134525B053D500A02FA3 /* EmojiArtTests.swift in Sources */,
			);
			runOnlyForDeploymentPostprocessing = 0;
		};
		B5C0E81A25B0F55C006F72BE /* Sources */ = {
			isa = PBXSourcesBuildPhase;
			buildActionMask = 2147483647;
			files = (
				B5C0E82125B0F55C006F72BE /* EmojiArtDocumentChooserTest.swift in Sources */,
			);
			runOnlyForDeploymentPostprocessing = 0;
		};
/* End PBXSourcesBuildPhase section */

/* Begin PBXTargetDependency section */
		B522134825B053D500A02FA3 /* PBXTargetDependency */ = {
			isa = PBXTargetDependency;
			target = A61A54BB25A1192A002B96D9 /* EmojiArt */;
			targetProxy = B522134725B053D500A02FA3 /* PBXContainerItemProxy */;
		};
		B5C0E82425B0F55C006F72BE /* PBXTargetDependency */ = {
			isa = PBXTargetDependency;
			target = A61A54BB25A1192A002B96D9 /* EmojiArt */;
			targetProxy = B5C0E82325B0F55C006F72BE /* PBXContainerItemProxy */;
		};
/* End PBXTargetDependency section */

/* Begin PBXVariantGroup section */
		A61A54CA25A1192D002B96D9 /* LaunchScreen.storyboard */ = {
			isa = PBXVariantGroup;
			children = (
				A61A54CB25A1192D002B96D9 /* Base */,
			);
			name = LaunchScreen.storyboard;
			sourceTree = "<group>";
		};
/* End PBXVariantGroup section */

/* Begin XCBuildConfiguration section */
		A61A54CE25A1192D002B96D9 /* Debug */ = {
			isa = XCBuildConfiguration;
			buildSettings = {
				ALWAYS_SEARCH_USER_PATHS = NO;
				CLANG_ANALYZER_NONNULL = YES;
				CLANG_ANALYZER_NUMBER_OBJECT_CONVERSION = YES_AGGRESSIVE;
				CLANG_CXX_LANGUAGE_STANDARD = "gnu++14";
				CLANG_CXX_LIBRARY = "libc++";
				CLANG_ENABLE_MODULES = YES;
				CLANG_ENABLE_OBJC_ARC = YES;
				CLANG_ENABLE_OBJC_WEAK = YES;
				CLANG_WARN_BLOCK_CAPTURE_AUTORELEASING = YES;
				CLANG_WARN_BOOL_CONVERSION = YES;
				CLANG_WARN_COMMA = YES;
				CLANG_WARN_CONSTANT_CONVERSION = YES;
				CLANG_WARN_DEPRECATED_OBJC_IMPLEMENTATIONS = YES;
				CLANG_WARN_DIRECT_OBJC_ISA_USAGE = YES_ERROR;
				CLANG_WARN_DOCUMENTATION_COMMENTS = YES;
				CLANG_WARN_EMPTY_BODY = YES;
				CLANG_WARN_ENUM_CONVERSION = YES;
				CLANG_WARN_INFINITE_RECURSION = YES;
				CLANG_WARN_INT_CONVERSION = YES;
				CLANG_WARN_NON_LITERAL_NULL_CONVERSION = YES;
				CLANG_WARN_OBJC_IMPLICIT_RETAIN_SELF = YES;
				CLANG_WARN_OBJC_LITERAL_CONVERSION = YES;
				CLANG_WARN_OBJC_ROOT_CLASS = YES_ERROR;
				CLANG_WARN_QUOTED_INCLUDE_IN_FRAMEWORK_HEADER = YES;
				CLANG_WARN_RANGE_LOOP_ANALYSIS = YES;
				CLANG_WARN_STRICT_PROTOTYPES = YES;
				CLANG_WARN_SUSPICIOUS_MOVE = YES;
				CLANG_WARN_UNGUARDED_AVAILABILITY = YES_AGGRESSIVE;
				CLANG_WARN_UNREACHABLE_CODE = YES;
				CLANG_WARN__DUPLICATE_METHOD_MATCH = YES;
				COPY_PHASE_STRIP = NO;
				DEBUG_INFORMATION_FORMAT = dwarf;
				ENABLE_STRICT_OBJC_MSGSEND = YES;
				ENABLE_TESTABILITY = YES;
				GCC_C_LANGUAGE_STANDARD = gnu11;
				GCC_DYNAMIC_NO_PIC = NO;
				GCC_NO_COMMON_BLOCKS = YES;
				GCC_OPTIMIZATION_LEVEL = 0;
				GCC_PREPROCESSOR_DEFINITIONS = (
					"DEBUG=1",
					"$(inherited)",
				);
				GCC_WARN_64_TO_32_BIT_CONVERSION = YES;
				GCC_WARN_ABOUT_RETURN_TYPE = YES_ERROR;
				GCC_WARN_UNDECLARED_SELECTOR = YES;
				GCC_WARN_UNINITIALIZED_AUTOS = YES_AGGRESSIVE;
				GCC_WARN_UNUSED_FUNCTION = YES;
				GCC_WARN_UNUSED_VARIABLE = YES;
				IPHONEOS_DEPLOYMENT_TARGET = 14.2;
				MTL_ENABLE_DEBUG_INFO = INCLUDE_SOURCE;
				MTL_FAST_MATH = YES;
				ONLY_ACTIVE_ARCH = YES;
				SDKROOT = iphoneos;
				SWIFT_ACTIVE_COMPILATION_CONDITIONS = DEBUG;
				SWIFT_OPTIMIZATION_LEVEL = "-Onone";
			};
			name = Debug;
		};
		A61A54CF25A1192D002B96D9 /* Release */ = {
			isa = XCBuildConfiguration;
			buildSettings = {
				ALWAYS_SEARCH_USER_PATHS = NO;
				CLANG_ANALYZER_NONNULL = YES;
				CLANG_ANALYZER_NUMBER_OBJECT_CONVERSION = YES_AGGRESSIVE;
				CLANG_CXX_LANGUAGE_STANDARD = "gnu++14";
				CLANG_CXX_LIBRARY = "libc++";
				CLANG_ENABLE_MODULES = YES;
				CLANG_ENABLE_OBJC_ARC = YES;
				CLANG_ENABLE_OBJC_WEAK = YES;
				CLANG_WARN_BLOCK_CAPTURE_AUTORELEASING = YES;
				CLANG_WARN_BOOL_CONVERSION = YES;
				CLANG_WARN_COMMA = YES;
				CLANG_WARN_CONSTANT_CONVERSION = YES;
				CLANG_WARN_DEPRECATED_OBJC_IMPLEMENTATIONS = YES;
				CLANG_WARN_DIRECT_OBJC_ISA_USAGE = YES_ERROR;
				CLANG_WARN_DOCUMENTATION_COMMENTS = YES;
				CLANG_WARN_EMPTY_BODY = YES;
				CLANG_WARN_ENUM_CONVERSION = YES;
				CLANG_WARN_INFINITE_RECURSION = YES;
				CLANG_WARN_INT_CONVERSION = YES;
				CLANG_WARN_NON_LITERAL_NULL_CONVERSION = YES;
				CLANG_WARN_OBJC_IMPLICIT_RETAIN_SELF = YES;
				CLANG_WARN_OBJC_LITERAL_CONVERSION = YES;
				CLANG_WARN_OBJC_ROOT_CLASS = YES_ERROR;
				CLANG_WARN_QUOTED_INCLUDE_IN_FRAMEWORK_HEADER = YES;
				CLANG_WARN_RANGE_LOOP_ANALYSIS = YES;
				CLANG_WARN_STRICT_PROTOTYPES = YES;
				CLANG_WARN_SUSPICIOUS_MOVE = YES;
				CLANG_WARN_UNGUARDED_AVAILABILITY = YES_AGGRESSIVE;
				CLANG_WARN_UNREACHABLE_CODE = YES;
				CLANG_WARN__DUPLICATE_METHOD_MATCH = YES;
				COPY_PHASE_STRIP = NO;
				DEBUG_INFORMATION_FORMAT = "dwarf-with-dsym";
				ENABLE_NS_ASSERTIONS = NO;
				ENABLE_STRICT_OBJC_MSGSEND = YES;
				GCC_C_LANGUAGE_STANDARD = gnu11;
				GCC_NO_COMMON_BLOCKS = YES;
				GCC_WARN_64_TO_32_BIT_CONVERSION = YES;
				GCC_WARN_ABOUT_RETURN_TYPE = YES_ERROR;
				GCC_WARN_UNDECLARED_SELECTOR = YES;
				GCC_WARN_UNINITIALIZED_AUTOS = YES_AGGRESSIVE;
				GCC_WARN_UNUSED_FUNCTION = YES;
				GCC_WARN_UNUSED_VARIABLE = YES;
				IPHONEOS_DEPLOYMENT_TARGET = 14.2;
				MTL_ENABLE_DEBUG_INFO = NO;
				MTL_FAST_MATH = YES;
				SDKROOT = iphoneos;
				SWIFT_COMPILATION_MODE = wholemodule;
				SWIFT_OPTIMIZATION_LEVEL = "-O";
				VALIDATE_PRODUCT = YES;
			};
			name = Release;
		};
		A61A54D125A1192D002B96D9 /* Debug */ = {
			isa = XCBuildConfiguration;
			buildSettings = {
				ASSETCATALOG_COMPILER_APPICON_NAME = AppIcon;
				ASSETCATALOG_COMPILER_GLOBAL_ACCENT_COLOR_NAME = AccentColor;
				CODE_SIGN_STYLE = Automatic;
				DEVELOPMENT_ASSET_PATHS = "\"EmojiArt/Preview Content\"";
				DEVELOPMENT_TEAM = PQ9U3THB3C;
				ENABLE_PREVIEWS = YES;
				INFOPLIST_FILE = EmojiArt/Info.plist;
				LD_RUNPATH_SEARCH_PATHS = (
					"$(inherited)",
					"@executable_path/Frameworks",
				);
				PRODUCT_BUNDLE_IDENTIFIER = ch.pascalhoschi.EmojiArt;
				PRODUCT_NAME = "$(TARGET_NAME)";
				SWIFT_VERSION = 5.0;
				TARGETED_DEVICE_FAMILY = "1,2";
			};
			name = Debug;
		};
		A61A54D225A1192D002B96D9 /* Release */ = {
			isa = XCBuildConfiguration;
			buildSettings = {
				ASSETCATALOG_COMPILER_APPICON_NAME = AppIcon;
				ASSETCATALOG_COMPILER_GLOBAL_ACCENT_COLOR_NAME = AccentColor;
				CODE_SIGN_STYLE = Automatic;
				DEVELOPMENT_ASSET_PATHS = "\"EmojiArt/Preview Content\"";
				DEVELOPMENT_TEAM = PQ9U3THB3C;
				ENABLE_PREVIEWS = YES;
				INFOPLIST_FILE = EmojiArt/Info.plist;
				LD_RUNPATH_SEARCH_PATHS = (
					"$(inherited)",
					"@executable_path/Frameworks",
				);
				PRODUCT_BUNDLE_IDENTIFIER = ch.pascalhoschi.EmojiArt;
				PRODUCT_NAME = "$(TARGET_NAME)";
				SWIFT_VERSION = 5.0;
				TARGETED_DEVICE_FAMILY = "1,2";
			};
			name = Release;
		};
		B522134A25B053D500A02FA3 /* Debug */ = {
			isa = XCBuildConfiguration;
			buildSettings = {
				BUNDLE_LOADER = "$(TEST_HOST)";
				CODE_SIGN_STYLE = Automatic;
				DEVELOPMENT_TEAM = 379N585DKD;
				INFOPLIST_FILE = EmojiArtTests/Info.plist;
				IPHONEOS_DEPLOYMENT_TARGET = 14.3;
				LD_RUNPATH_SEARCH_PATHS = (
					"$(inherited)",
					"@executable_path/Frameworks",
					"@loader_path/Frameworks",
				);
				PRODUCT_BUNDLE_IDENTIFIER = aramsamsam.EmojiArtTests;
				PRODUCT_NAME = "$(TARGET_NAME)";
				SWIFT_VERSION = 5.0;
				TARGETED_DEVICE_FAMILY = "1,2";
				TEST_HOST = "$(BUILT_PRODUCTS_DIR)/EmojiArt.app/EmojiArt";
			};
			name = Debug;
		};
		B522134B25B053D500A02FA3 /* Release */ = {
			isa = XCBuildConfiguration;
			buildSettings = {
				BUNDLE_LOADER = "$(TEST_HOST)";
				CODE_SIGN_STYLE = Automatic;
				DEVELOPMENT_TEAM = 379N585DKD;
				INFOPLIST_FILE = EmojiArtTests/Info.plist;
				IPHONEOS_DEPLOYMENT_TARGET = 14.3;
				LD_RUNPATH_SEARCH_PATHS = (
					"$(inherited)",
					"@executable_path/Frameworks",
					"@loader_path/Frameworks",
				);
				PRODUCT_BUNDLE_IDENTIFIER = aramsamsam.EmojiArtTests;
				PRODUCT_NAME = "$(TARGET_NAME)";
				SWIFT_VERSION = 5.0;
				TARGETED_DEVICE_FAMILY = "1,2";
				TEST_HOST = "$(BUILT_PRODUCTS_DIR)/EmojiArt.app/EmojiArt";
			};
			name = Release;
		};
		B5C0E82625B0F55C006F72BE /* Debug */ = {
			isa = XCBuildConfiguration;
			buildSettings = {
				CODE_SIGN_STYLE = Automatic;
				DEVELOPMENT_TEAM = 379N585DKD;
				INFOPLIST_FILE = EmojiArtUITests/Info.plist;
				IPHONEOS_DEPLOYMENT_TARGET = 14.3;
				LD_RUNPATH_SEARCH_PATHS = (
					"$(inherited)",
					"@executable_path/Frameworks",
					"@loader_path/Frameworks",
				);
				PRODUCT_BUNDLE_IDENTIFIER = aramsamsam.EmojiArtUITests;
				PRODUCT_NAME = "$(TARGET_NAME)";
				SWIFT_VERSION = 5.0;
				TARGETED_DEVICE_FAMILY = "1,2";
				TEST_TARGET_NAME = EmojiArt;
			};
			name = Debug;
		};
		B5C0E82725B0F55C006F72BE /* Release */ = {
			isa = XCBuildConfiguration;
			buildSettings = {
				CODE_SIGN_STYLE = Automatic;
				DEVELOPMENT_TEAM = 379N585DKD;
				INFOPLIST_FILE = EmojiArtUITests/Info.plist;
				IPHONEOS_DEPLOYMENT_TARGET = 14.3;
				LD_RUNPATH_SEARCH_PATHS = (
					"$(inherited)",
					"@executable_path/Frameworks",
					"@loader_path/Frameworks",
				);
				PRODUCT_BUNDLE_IDENTIFIER = aramsamsam.EmojiArtUITests;
				PRODUCT_NAME = "$(TARGET_NAME)";
				SWIFT_VERSION = 5.0;
				TARGETED_DEVICE_FAMILY = "1,2";
				TEST_TARGET_NAME = EmojiArt;
			};
			name = Release;
		};
/* End XCBuildConfiguration section */

/* Begin XCConfigurationList section */
		A61A54B725A1192A002B96D9 /* Build configuration list for PBXProject "EmojiArt" */ = {
			isa = XCConfigurationList;
			buildConfigurations = (
				A61A54CE25A1192D002B96D9 /* Debug */,
				A61A54CF25A1192D002B96D9 /* Release */,
			);
			defaultConfigurationIsVisible = 0;
			defaultConfigurationName = Release;
		};
		A61A54D025A1192D002B96D9 /* Build configuration list for PBXNativeTarget "EmojiArt" */ = {
			isa = XCConfigurationList;
			buildConfigurations = (
				A61A54D125A1192D002B96D9 /* Debug */,
				A61A54D225A1192D002B96D9 /* Release */,
			);
			defaultConfigurationIsVisible = 0;
			defaultConfigurationName = Release;
		};
		B522134925B053D500A02FA3 /* Build configuration list for PBXNativeTarget "EmojiArtTests" */ = {
			isa = XCConfigurationList;
			buildConfigurations = (
				B522134A25B053D500A02FA3 /* Debug */,
				B522134B25B053D500A02FA3 /* Release */,
			);
			defaultConfigurationIsVisible = 0;
			defaultConfigurationName = Release;
		};
		B5C0E82525B0F55C006F72BE /* Build configuration list for PBXNativeTarget "EmojiArtUITests" */ = {
			isa = XCConfigurationList;
			buildConfigurations = (
				B5C0E82625B0F55C006F72BE /* Debug */,
				B5C0E82725B0F55C006F72BE /* Release */,
			);
			defaultConfigurationIsVisible = 0;
			defaultConfigurationName = Release;
		};
/* End XCConfigurationList section */
	};
	rootObject = A61A54B425A1192A002B96D9 /* Project object */;
}
